
Microsoft Visual Studio Solution File, Format Version 12.00
# Visual Studio Version 16
VisualStudioVersion = 16.0.29020.237
MinimumVisualStudioVersion = 10.0.40219.1
Project("{888888A0-9F3D-457C-B088-3A5042F75D52}") = "licoesAprendidas", "licoesAprendidas\licoesAprendidas.pyproj", "{4EF99344-76F6-48CB-A0F2-950C4BF0E921}"
EndProject
Global
	GlobalSection(SolutionConfigurationPlatforms) = preSolution
		Debug|Any CPU = Debug|Any CPU
		Release|Any CPU = Release|Any CPU
	EndGlobalSection
	GlobalSection(ProjectConfigurationPlatforms) = postSolution
		{4EF99344-76F6-48CB-A0F2-950C4BF0E921}.Debug|Any CPU.ActiveCfg = Debug|Any CPU
		{4EF99344-76F6-48CB-A0F2-950C4BF0E921}.Debug|Any CPU.Build.0 = Debug|Any CPU
		{4EF99344-76F6-48CB-A0F2-950C4BF0E921}.Release|Any CPU.ActiveCfg = Release|Any CPU
		{4EF99344-76F6-48CB-A0F2-950C4BF0E921}.Release|Any CPU.Build.0 = Release|Any CPU
	EndGlobalSection
	GlobalSection(SolutionProperties) = preSolution
		HideSolutionNode = FALSE
	EndGlobalSection
	GlobalSection(ExtensibilityGlobals) = postSolution
		SolutionGuid = {531F68B9-1578-4CAE-8F92-982CBD5E7CF8}
	EndGlobalSection
EndGlobal
